
Microsoft Visual Studio Solution File, Format Version 11.00
# Visual Studio 2010
Project("{FAE04EC0-301F-11D3-BF4B-00C04F79EFBC}") = "spaceShooter", "Assembly-CSharp.csproj", "{81E3EE37-B285-5340-5212-55C0C7237F36}"
EndProject
Project("{FAE04EC0-301F-11D3-BF4B-00C04F79EFBC}") = "spaceShooter", "Assembly-CSharp-firstpass.csproj", "{1B3FE38B-B6A4-103C-382E-2E9292A65BE0}"
EndProject
Project("{FAE04EC0-301F-11D3-BF4B-00C04F79EFBC}") = "spaceShooter", "Assembly-CSharp-Editor-firstpass.csproj", "{7D414092-37F7-315C-572B-6CA02A18A77C}"
EndProject
Global
	GlobalSection(SolutionConfigurationPlatforms) = preSolution
		Debug|Any CPU = Debug|Any CPU
		Release|Any CPU = Release|Any CPU
	EndGlobalSection
	GlobalSection(ProjectConfigurationPlatforms) = postSolution
		{81E3EE37-B285-5340-5212-55C0C7237F36}.Debug|Any CPU.ActiveCfg = Debug|Any CPU
		{81E3EE37-B285-5340-5212-55C0C7237F36}.Debug|Any CPU.Build.0 = Debug|Any CPU
		{81E3EE37-B285-5340-5212-55C0C7237F36}.Release|Any CPU.ActiveCfg = Release|Any CPU
		{81E3EE37-B285-5340-5212-55C0C7237F36}.Release|Any CPU.Build.0 = Release|Any CPU
		{1B3FE38B-B6A4-103C-382E-2E9292A65BE0}.Debug|Any CPU.ActiveCfg = Debug|Any CPU
		{1B3FE38B-B6A4-103C-382E-2E9292A65BE0}.Debug|Any CPU.Build.0 = Debug|Any CPU
		{1B3FE38B-B6A4-103C-382E-2E9292A65BE0}.Release|Any CPU.ActiveCfg = Release|Any CPU
		{1B3FE38B-B6A4-103C-382E-2E9292A65BE0}.Release|Any CPU.Build.0 = Release|Any CPU
		{7D414092-37F7-315C-572B-6CA02A18A77C}.Debug|Any CPU.ActiveCfg = Debug|Any CPU
		{7D414092-37F7-315C-572B-6CA02A18A77C}.Debug|Any CPU.Build.0 = Debug|Any CPU
		{7D414092-37F7-315C-572B-6CA02A18A77C}.Release|Any CPU.ActiveCfg = Release|Any CPU
		{7D414092-37F7-315C-572B-6CA02A18A77C}.Release|Any CPU.Build.0 = Release|Any CPU
	EndGlobalSection
	GlobalSection(SolutionProperties) = preSolution
		HideSolutionNode = FALSE
	EndGlobalSection
	GlobalSection(MonoDevelopProperties) = preSolution
		StartupItem = Assembly-CSharp.csproj
	EndGlobalSection
EndGlobal
